{
  "version": 4,
  "terraform_version": "1.8.2",
  "serial": 67,
  "lineage": "92cacbfd-277e-cc2d-5208-c7ebc05d2042",
  "outputs": {},
  "resources": [
    {
      "module": "module.config_required_tags",
      "mode": "data",
      "type": "aws_caller_identity",
      "name": "current",
      "provider": "provider[\"registry.terraform.io/hashicorp/aws\"]",
      "instances": [
        {
          "schema_version": 0,
          "attributes": {
            "account_id": "061051261331",
            "arn": "arn:aws:iam::061051261331:root",
            "id": "061051261331",
            "user_id": "061051261331"
          },
          "sensitive_attributes": []
        }
      ]
    },
    {
      "module": "module.config_required_tags",
      "mode": "managed",
      "type": "aws_s3_bucket",
      "name": "config_logs",
      "provider": "provider[\"registry.terraform.io/hashicorp/aws\"]",
      "instances": [
        {
          "schema_version": 0,
          "attributes": {
            "acceleration_status": "",
            "acl": null,
            "arn": "arn:aws:s3:::config-logs-061051261331",
            "bucket": "config-logs-061051261331",
            "bucket_domain_name": "config-logs-061051261331.s3.amazonaws.com",
            "bucket_prefix": "",
            "bucket_regional_domain_name": "config-logs-061051261331.s3.us-east-1.amazonaws.com",
            "cors_rule": [],
            "force_destroy": false,
            "grant": [
              {
                "id": "c3b585611fb9fb48861cd4163ec2a074bfe742c37c5fbab75366388781524d09",
                "permissions": [
                  "FULL_CONTROL"
                ],
                "type": "CanonicalUser",
                "uri": ""
              }
            ],
            "hosted_zone_id": "Z3AQBSTGFYJSTF",
            "id": "config-logs-061051261331",
            "lifecycle_rule": [],
            "logging": [],
            "object_lock_configuration": [],
            "object_lock_enabled": false,
            "policy": "",
            "region": "us-east-1",
            "replication_configuration": [],
            "request_payer": "BucketOwner",
            "server_side_encryption_configuration": [
              {
                "rule": [
                  {
                    "apply_server_side_encryption_by_default": [
                      {
                        "kms_master_key_id": "",
                        "sse_algorithm": "AES256"
                      }
                    ],
                    "bucket_key_enabled": false
                  }
                ]
              }
            ],
            "tags": {},
            "tags_all": {},
            "timeouts": null,
            "versioning": [
              {
                "enabled": false,
                "mfa_delete": false
              }
            ],
            "website": [],
            "website_domain": null,
            "website_endpoint": null
          },
          "sensitive_attributes": [],
          "private": "eyJlMmJmYjczMC1lY2FhLTExZTYtOGY4OC0zNDM2M2JjN2M0YzAiOnsiY3JlYXRlIjoxMjAwMDAwMDAwMDAwLCJkZWxldGUiOjM2MDAwMDAwMDAwMDAsInJlYWQiOjEyMDAwMDAwMDAwMDAsInVwZGF0ZSI6MTIwMDAwMDAwMDAwMH19",
          "dependencies": [
            "module.config_required_tags.data.aws_caller_identity.current"
          ]
        }
      ]
    }
  ],
  "check_results": null
}
